
Microsoft Visual Studio Solution File, Format Version 12.00
# Visual Studio 15
VisualStudioVersion = 15.0.27703.2042
MinimumVisualStudioVersion = 10.0.40219.1
Project("{FAE04EC0-301F-11D3-BF4B-00C04F79EFBC}") = "Moq_First", "Moq_First\Moq_First.csproj", "{67DA9D61-CD03-45D4-8C19-178C806B20BB}"
EndProject
Project("{FAE04EC0-301F-11D3-BF4B-00C04F79EFBC}") = "Moq_First.Tests", "Moq_First.Tests\Moq_First.Tests.csproj", "{CC1E9F18-EF50-4D10-A660-C9EF69E3D2F1}"
EndProject
Global
	GlobalSection(SolutionConfigurationPlatforms) = preSolution
		Debug|Any CPU = Debug|Any CPU
		Release|Any CPU = Release|Any CPU
	EndGlobalSection
	GlobalSection(ProjectConfigurationPlatforms) = postSolution
		{67DA9D61-CD03-45D4-8C19-178C806B20BB}.Debug|Any CPU.ActiveCfg = Debug|Any CPU
		{67DA9D61-CD03-45D4-8C19-178C806B20BB}.Debug|Any CPU.Build.0 = Debug|Any CPU
		{67DA9D61-CD03-45D4-8C19-178C806B20BB}.Release|Any CPU.ActiveCfg = Release|Any CPU
		{67DA9D61-CD03-45D4-8C19-178C806B20BB}.Release|Any CPU.Build.0 = Release|Any CPU
		{CC1E9F18-EF50-4D10-A660-C9EF69E3D2F1}.Debug|Any CPU.ActiveCfg = Debug|Any CPU
		{CC1E9F18-EF50-4D10-A660-C9EF69E3D2F1}.Debug|Any CPU.Build.0 = Debug|Any CPU
		{CC1E9F18-EF50-4D10-A660-C9EF69E3D2F1}.Release|Any CPU.ActiveCfg = Release|Any CPU
		{CC1E9F18-EF50-4D10-A660-C9EF69E3D2F1}.Release|Any CPU.Build.0 = Release|Any CPU
	EndGlobalSection
	GlobalSection(SolutionProperties) = preSolution
		HideSolutionNode = FALSE
	EndGlobalSection
	GlobalSection(ExtensibilityGlobals) = postSolution
		SolutionGuid = {6CCBD16B-3C37-49B8-B143-D829C92D73C6}
	EndGlobalSection
EndGlobal
